
Microsoft Visual Studio Solution File, Format Version 12.00
# Visual Studio Version 16
VisualStudioVersion = 16.0.29020.237
MinimumVisualStudioVersion = 10.0.40219.1
Project("{9A19103F-16F7-4668-BE54-9A1E7A4F7556}") = "InterviewPrep", "InterviewPrep\InterviewPrep.csproj", "{78C6074A-85B7-490A-AEB3-A810ADFE4DB1}"
EndProject
Project("{2150E333-8FDC-42A3-9474-1A3956D46DE8}") = "Tests", "Tests", "{576070A2-7F75-4200-AB31-78D3E3B23BD4}"
EndProject
Project("{9A19103F-16F7-4668-BE54-9A1E7A4F7556}") = "ACM.BLTest", "ACM.BLTest\ACM.BLTest.csproj", "{96F98AA2-7B2E-467C-A9C9-459059BDAFFE}"
EndProject
Project("{9A19103F-16F7-4668-BE54-9A1E7A4F7556}") = "GradeBook.Tests", "GradeBook.Tests\GradeBook.Tests.csproj", "{1E1E52C9-7B97-4C95-9416-325C656489AC}"
EndProject
Project("{9A19103F-16F7-4668-BE54-9A1E7A4F7556}") = "GradeBook", "gradebook\src\GradeBook.csproj", "{181371F8-D9A1-4E57-8077-08A336F16F3B}"
EndProject
Project("{9A19103F-16F7-4668-BE54-9A1E7A4F7556}") = "ACM.BL", "ACM\src\ACM.BL.csproj", "{CFF35486-31A1-4917-B405-CE88C6F1F781}"
EndProject
Project("{9A19103F-16F7-4668-BE54-9A1E7A4F7556}") = "Core", "Core\Core.csproj", "{34AB2262-64DB-409C-8351-69A3018F3B8E}"
EndProject
Project("{2150E333-8FDC-42A3-9474-1A3956D46DE8}") = "Solution Items", "Solution Items", "{7BF21FDD-593F-4CF3-A982-CA75D5518FB2}"
	ProjectSection(SolutionItems) = preProject
		README.md = README.md
	EndProjectSection
EndProject
Project("{9A19103F-16F7-4668-BE54-9A1E7A4F7556}") = "Core.Test", "Core.Test\Core.Test.csproj", "{3A71C08F-BDBA-4934-8CE1-B5952D5DD573}"
EndProject
Project("{9A19103F-16F7-4668-BE54-9A1E7A4F7556}") = "People.Service", "dependencyInjection\src\People.Service\People.Service.csproj", "{C3BA3454-232A-45B2-A6C5-E270E7A94276}"
EndProject
Project("{FAE04EC0-301F-11D3-BF4B-00C04F79EFBC}") = "PeopleViewer", "dependencyInjection\src\PeopleViewer\PeopleViewer.csproj", "{068F7880-21BD-475F-A346-13AB0A23133E}"
EndProject
Project("{9A19103F-16F7-4668-BE54-9A1E7A4F7556}") = "PeopleViewer.Common", "dependencyInjection\src\PeopleViewer.Common\PeopleViewer.Common.csproj", "{D5C45BBA-2F3E-4446-B16B-0831D0AD5032}"
EndProject
Project("{9A19103F-16F7-4668-BE54-9A1E7A4F7556}") = "PeopleViewer.Presentation", "dependencyInjection\src\PeopleViewer.Presentation\PeopleViewer.Presentation.csproj", "{79274AAA-F1AE-4DBA-BB48-B64193E222C5}"
EndProject
Project("{9A19103F-16F7-4668-BE54-9A1E7A4F7556}") = "PersonDataReader.Service", "dependencyInjection\src\PersonDataReader.Service\PersonDataReader.Service.csproj", "{7E46C8FF-55E9-45D2-97EB-C7CCBF7F6E01}"
EndProject
Global
	GlobalSection(SolutionConfigurationPlatforms) = preSolution
		Debug|Any CPU = Debug|Any CPU
		Release|Any CPU = Release|Any CPU
	EndGlobalSection
	GlobalSection(ProjectConfigurationPlatforms) = postSolution
		{78C6074A-85B7-490A-AEB3-A810ADFE4DB1}.Debug|Any CPU.ActiveCfg = Debug|Any CPU
		{78C6074A-85B7-490A-AEB3-A810ADFE4DB1}.Debug|Any CPU.Build.0 = Debug|Any CPU
		{78C6074A-85B7-490A-AEB3-A810ADFE4DB1}.Release|Any CPU.ActiveCfg = Release|Any CPU
		{78C6074A-85B7-490A-AEB3-A810ADFE4DB1}.Release|Any CPU.Build.0 = Release|Any CPU
		{96F98AA2-7B2E-467C-A9C9-459059BDAFFE}.Debug|Any CPU.ActiveCfg = Debug|Any CPU
		{96F98AA2-7B2E-467C-A9C9-459059BDAFFE}.Debug|Any CPU.Build.0 = Debug|Any CPU
		{96F98AA2-7B2E-467C-A9C9-459059BDAFFE}.Release|Any CPU.ActiveCfg = Release|Any CPU
		{96F98AA2-7B2E-467C-A9C9-459059BDAFFE}.Release|Any CPU.Build.0 = Release|Any CPU
		{1E1E52C9-7B97-4C95-9416-325C656489AC}.Debug|Any CPU.ActiveCfg = Debug|Any CPU
		{1E1E52C9-7B97-4C95-9416-325C656489AC}.Debug|Any CPU.Build.0 = Debug|Any CPU
		{1E1E52C9-7B97-4C95-9416-325C656489AC}.Release|Any CPU.ActiveCfg = Release|Any CPU
		{1E1E52C9-7B97-4C95-9416-325C656489AC}.Release|Any CPU.Build.0 = Release|Any CPU
		{181371F8-D9A1-4E57-8077-08A336F16F3B}.Debug|Any CPU.ActiveCfg = Debug|Any CPU
		{181371F8-D9A1-4E57-8077-08A336F16F3B}.Debug|Any CPU.Build.0 = Debug|Any CPU
		{181371F8-D9A1-4E57-8077-08A336F16F3B}.Release|Any CPU.ActiveCfg = Release|Any CPU
		{181371F8-D9A1-4E57-8077-08A336F16F3B}.Release|Any CPU.Build.0 = Release|Any CPU
		{CFF35486-31A1-4917-B405-CE88C6F1F781}.Debug|Any CPU.ActiveCfg = Debug|Any CPU
		{CFF35486-31A1-4917-B405-CE88C6F1F781}.Debug|Any CPU.Build.0 = Debug|Any CPU
		{CFF35486-31A1-4917-B405-CE88C6F1F781}.Release|Any CPU.ActiveCfg = Release|Any CPU
		{CFF35486-31A1-4917-B405-CE88C6F1F781}.Release|Any CPU.Build.0 = Release|Any CPU
		{34AB2262-64DB-409C-8351-69A3018F3B8E}.Debug|Any CPU.ActiveCfg = Debug|Any CPU
		{34AB2262-64DB-409C-8351-69A3018F3B8E}.Debug|Any CPU.Build.0 = Debug|Any CPU
		{34AB2262-64DB-409C-8351-69A3018F3B8E}.Release|Any CPU.ActiveCfg = Release|Any CPU
		{34AB2262-64DB-409C-8351-69A3018F3B8E}.Release|Any CPU.Build.0 = Release|Any CPU
		{3A71C08F-BDBA-4934-8CE1-B5952D5DD573}.Debug|Any CPU.ActiveCfg = Debug|Any CPU
		{3A71C08F-BDBA-4934-8CE1-B5952D5DD573}.Debug|Any CPU.Build.0 = Debug|Any CPU
		{3A71C08F-BDBA-4934-8CE1-B5952D5DD573}.Release|Any CPU.ActiveCfg = Release|Any CPU
		{3A71C08F-BDBA-4934-8CE1-B5952D5DD573}.Release|Any CPU.Build.0 = Release|Any CPU
		{C3BA3454-232A-45B2-A6C5-E270E7A94276}.Debug|Any CPU.ActiveCfg = Debug|Any CPU
		{C3BA3454-232A-45B2-A6C5-E270E7A94276}.Debug|Any CPU.Build.0 = Debug|Any CPU
		{C3BA3454-232A-45B2-A6C5-E270E7A94276}.Release|Any CPU.ActiveCfg = Release|Any CPU
		{C3BA3454-232A-45B2-A6C5-E270E7A94276}.Release|Any CPU.Build.0 = Release|Any CPU
		{068F7880-21BD-475F-A346-13AB0A23133E}.Debug|Any CPU.ActiveCfg = Debug|Any CPU
		{068F7880-21BD-475F-A346-13AB0A23133E}.Debug|Any CPU.Build.0 = Debug|Any CPU
		{068F7880-21BD-475F-A346-13AB0A23133E}.Release|Any CPU.ActiveCfg = Release|Any CPU
		{068F7880-21BD-475F-A346-13AB0A23133E}.Release|Any CPU.Build.0 = Release|Any CPU
		{D5C45BBA-2F3E-4446-B16B-0831D0AD5032}.Debug|Any CPU.ActiveCfg = Debug|Any CPU
		{D5C45BBA-2F3E-4446-B16B-0831D0AD5032}.Debug|Any CPU.Build.0 = Debug|Any CPU
		{D5C45BBA-2F3E-4446-B16B-0831D0AD5032}.Release|Any CPU.ActiveCfg = Release|Any CPU
		{D5C45BBA-2F3E-4446-B16B-0831D0AD5032}.Release|Any CPU.Build.0 = Release|Any CPU
		{79274AAA-F1AE-4DBA-BB48-B64193E222C5}.Debug|Any CPU.ActiveCfg = Debug|Any CPU
		{79274AAA-F1AE-4DBA-BB48-B64193E222C5}.Debug|Any CPU.Build.0 = Debug|Any CPU
		{79274AAA-F1AE-4DBA-BB48-B64193E222C5}.Release|Any CPU.ActiveCfg = Release|Any CPU
		{79274AAA-F1AE-4DBA-BB48-B64193E222C5}.Release|Any CPU.Build.0 = Release|Any CPU
		{7E46C8FF-55E9-45D2-97EB-C7CCBF7F6E01}.Debug|Any CPU.ActiveCfg = Debug|Any CPU
		{7E46C8FF-55E9-45D2-97EB-C7CCBF7F6E01}.Debug|Any CPU.Build.0 = Debug|Any CPU
		{7E46C8FF-55E9-45D2-97EB-C7CCBF7F6E01}.Release|Any CPU.ActiveCfg = Release|Any CPU
		{7E46C8FF-55E9-45D2-97EB-C7CCBF7F6E01}.Release|Any CPU.Build.0 = Release|Any CPU
	EndGlobalSection
	GlobalSection(SolutionProperties) = preSolution
		HideSolutionNode = FALSE
	EndGlobalSection
	GlobalSection(NestedProjects) = preSolution
		{96F98AA2-7B2E-467C-A9C9-459059BDAFFE} = {576070A2-7F75-4200-AB31-78D3E3B23BD4}
		{1E1E52C9-7B97-4C95-9416-325C656489AC} = {576070A2-7F75-4200-AB31-78D3E3B23BD4}
		{3A71C08F-BDBA-4934-8CE1-B5952D5DD573} = {576070A2-7F75-4200-AB31-78D3E3B23BD4}
	EndGlobalSection
	GlobalSection(ExtensibilityGlobals) = postSolution
		SolutionGuid = {9394F3E4-2674-42FF-AD50-4C4E719F6FEC}
	EndGlobalSection
EndGlobal
